// !$*UTF8*$!
{
	archiveVersion = 1;
	classes = {
	};
	objectVersion = 46;
	objects = {

/* Begin PBXBuildFile section */
		376262171CE7D52C00480373 /* PIXYNetworking.m in Sources */ = {isa = PBXBuildFile; fileRef = 376262161CE7D52C00480373 /* PIXYNetworking.m */; };
		378782681CE7E3FE00684FFF /* PIXYBaseModel.m in Sources */ = {isa = PBXBuildFile; fileRef = 378782671CE7E3FE00684FFF /* PIXYBaseModel.m */; };
		3787826C1CE7E48200684FFF /* PIXYPostModel.m in Sources */ = {isa = PBXBuildFile; fileRef = 3787826B1CE7E48200684FFF /* PIXYPostModel.m */; };
		3787826F1CE822A400684FFF /* PIXYPostsDatasource.m in Sources */ = {isa = PBXBuildFile; fileRef = 3787826E1CE822A400684FFF /* PIXYPostsDatasource.m */; };
		37BAFC491CE7C31800B29D1A /* main.m in Sources */ = {isa = PBXBuildFile; fileRef = 37BAFC481CE7C31800B29D1A /* main.m */; };
		37BAFC4C1CE7C31800B29D1A /* AppDelegate.m in Sources */ = {isa = PBXBuildFile; fileRef = 37BAFC4B1CE7C31800B29D1A /* AppDelegate.m */; };
		37BAFC4F1CE7C31800B29D1A /* PIXYFeedViewController.m in Sources */ = {isa = PBXBuildFile; fileRef = 37BAFC4E1CE7C31800B29D1A /* PIXYFeedViewController.m */; };
		37BAFC541CE7C31800B29D1A /* Assets.xcassets in Resources */ = {isa = PBXBuildFile; fileRef = 37BAFC531CE7C31800B29D1A /* Assets.xcassets */; };
		37BAFC621CE7C31800B29D1A /* pixyTests.m in Sources */ = {isa = PBXBuildFile; fileRef = 37BAFC611CE7C31800B29D1A /* pixyTests.m */; };
		37EE32A91CE9056600B74363 /* PIXYFeedViewController.xib in Resources */ = {isa = PBXBuildFile; fileRef = 37EE32A81CE9056600B74363 /* PIXYFeedViewController.xib */; };
		37EE32B21CE90B7600B74363 /* PIXYFeedTableViewCell.m in Sources */ = {isa = PBXBuildFile; fileRef = 37EE32B01CE90B7600B74363 /* PIXYFeedTableViewCell.m */; };
		37EE32B31CE90B7600B74363 /* PIXYFeedTableViewCell.xib in Resources */ = {isa = PBXBuildFile; fileRef = 37EE32B11CE90B7600B74363 /* PIXYFeedTableViewCell.xib */; };
		37EE32B71CE93B6900B74363 /* PIXYImageViewController.m in Sources */ = {isa = PBXBuildFile; fileRef = 37EE32B51CE93B6900B74363 /* PIXYImageViewController.m */; };
		37EE32B81CE93B6900B74363 /* PIXYImageViewController.xib in Resources */ = {isa = PBXBuildFile; fileRef = 37EE32B61CE93B6900B74363 /* PIXYImageViewController.xib */; };
		B92241AF4940F1E4648B8B25 /* Pods_pixyTests.framework in Frameworks */ = {isa = PBXBuildFile; fileRef = F986B8A0C58DACE82C14921C /* Pods_pixyTests.framework */; };
		E60587A5BA44B0E728D8F593 /* Pods_pixy.framework in Frameworks */ = {isa = PBXBuildFile; fileRef = AC6770CF9B040908C5DA3E6E /* Pods_pixy.framework */; };
/* End PBXBuildFile section */

/* Begin PBXContainerItemProxy section */
		37BAFC5E1CE7C31800B29D1A /* PBXContainerItemProxy */ = {
			isa = PBXContainerItemProxy;
			containerPortal = 37BAFC3C1CE7C31800B29D1A /* Project object */;
			proxyType = 1;
			remoteGlobalIDString = 37BAFC431CE7C31800B29D1A;
			remoteInfo = pixy;
		};
/* End PBXContainerItemProxy section */

/* Begin PBXFileReference section */
		1FA30E54157BE542DEDADE99 /* Pods-pixy.debug.xcconfig */ = {isa = PBXFileReference; includeInIndex = 1; lastKnownFileType = text.xcconfig; name = "Pods-pixy.debug.xcconfig"; path = "Pods/Target Support Files/Pods-pixy/Pods-pixy.debug.xcconfig"; sourceTree = "<group>"; };
		376262151CE7D52C00480373 /* PIXYNetworking.h */ = {isa = PBXFileReference; fileEncoding = 4; lastKnownFileType = sourcecode.c.h; path = PIXYNetworking.h; sourceTree = "<group>"; };
		376262161CE7D52C00480373 /* PIXYNetworking.m */ = {isa = PBXFileReference; fileEncoding = 4; lastKnownFileType = sourcecode.c.objc; path = PIXYNetworking.m; sourceTree = "<group>"; };
		378782661CE7E3FE00684FFF /* PIXYBaseModel.h */ = {isa = PBXFileReference; fileEncoding = 4; lastKnownFileType = sourcecode.c.h; path = PIXYBaseModel.h; sourceTree = "<group>"; };
		378782671CE7E3FE00684FFF /* PIXYBaseModel.m */ = {isa = PBXFileReference; fileEncoding = 4; lastKnownFileType = sourcecode.c.objc; path = PIXYBaseModel.m; sourceTree = "<group>"; };
		3787826A1CE7E48200684FFF /* PIXYPostModel.h */ = {isa = PBXFileReference; fileEncoding = 4; lastKnownFileType = sourcecode.c.h; path = PIXYPostModel.h; sourceTree = "<group>"; };
		3787826B1CE7E48200684FFF /* PIXYPostModel.m */ = {isa = PBXFileReference; fileEncoding = 4; lastKnownFileType = sourcecode.c.objc; path = PIXYPostModel.m; sourceTree = "<group>"; };
		3787826D1CE822A400684FFF /* PIXYPostsDatasource.h */ = {isa = PBXFileReference; fileEncoding = 4; lastKnownFileType = sourcecode.c.h; path = PIXYPostsDatasource.h; sourceTree = "<group>"; };
		3787826E1CE822A400684FFF /* PIXYPostsDatasource.m */ = {isa = PBXFileReference; fileEncoding = 4; lastKnownFileType = sourcecode.c.objc; path = PIXYPostsDatasource.m; sourceTree = "<group>"; };
		37BAFC441CE7C31800B29D1A /* pixy.app */ = {isa = PBXFileReference; explicitFileType = wrapper.application; includeInIndex = 0; path = pixy.app; sourceTree = BUILT_PRODUCTS_DIR; };
		37BAFC481CE7C31800B29D1A /* main.m */ = {isa = PBXFileReference; lastKnownFileType = sourcecode.c.objc; path = main.m; sourceTree = "<group>"; };
		37BAFC4A1CE7C31800B29D1A /* AppDelegate.h */ = {isa = PBXFileReference; lastKnownFileType = sourcecode.c.h; path = AppDelegate.h; sourceTree = "<group>"; };
		37BAFC4B1CE7C31800B29D1A /* AppDelegate.m */ = {isa = PBXFileReference; lastKnownFileType = sourcecode.c.objc; path = AppDelegate.m; sourceTree = "<group>"; };
		37BAFC4D1CE7C31800B29D1A /* PIXYFeedViewController.h */ = {isa = PBXFileReference; lastKnownFileType = sourcecode.c.h; path = PIXYFeedViewController.h; sourceTree = "<group>"; };
		37BAFC4E1CE7C31800B29D1A /* PIXYFeedViewController.m */ = {isa = PBXFileReference; lastKnownFileType = sourcecode.c.objc; path = PIXYFeedViewController.m; sourceTree = "<group>"; };
		37BAFC531CE7C31800B29D1A /* Assets.xcassets */ = {isa = PBXFileReference; lastKnownFileType = folder.assetcatalog; path = Assets.xcassets; sourceTree = "<group>"; };
		37BAFC581CE7C31800B29D1A /* Info.plist */ = {isa = PBXFileReference; lastKnownFileType = text.plist.xml; path = Info.plist; sourceTree = "<group>"; };
		37BAFC5D1CE7C31800B29D1A /* pixyTests.xctest */ = {isa = PBXFileReference; explicitFileType = wrapper.cfbundle; includeInIndex = 0; path = pixyTests.xctest; sourceTree = BUILT_PRODUCTS_DIR; };
		37BAFC611CE7C31800B29D1A /* pixyTests.m */ = {isa = PBXFileReference; lastKnownFileType = sourcecode.c.objc; path = pixyTests.m; sourceTree = "<group>"; };
		37BAFC631CE7C31800B29D1A /* Info.plist */ = {isa = PBXFileReference; lastKnownFileType = text.plist.xml; path = Info.plist; sourceTree = "<group>"; };
		37EE32A81CE9056600B74363 /* PIXYFeedViewController.xib */ = {isa = PBXFileReference; fileEncoding = 4; lastKnownFileType = file.xib; path = PIXYFeedViewController.xib; sourceTree = "<group>"; };
		37EE32AF1CE90B7600B74363 /* PIXYFeedTableViewCell.h */ = {isa = PBXFileReference; fileEncoding = 4; lastKnownFileType = sourcecode.c.h; path = PIXYFeedTableViewCell.h; sourceTree = "<group>"; };
		37EE32B01CE90B7600B74363 /* PIXYFeedTableViewCell.m */ = {isa = PBXFileReference; fileEncoding = 4; lastKnownFileType = sourcecode.c.objc; path = PIXYFeedTableViewCell.m; sourceTree = "<group>"; };
		37EE32B11CE90B7600B74363 /* PIXYFeedTableViewCell.xib */ = {isa = PBXFileReference; fileEncoding = 4; lastKnownFileType = file.xib; path = PIXYFeedTableViewCell.xib; sourceTree = "<group>"; };
		37EE32B41CE93B6900B74363 /* PIXYImageViewController.h */ = {isa = PBXFileReference; fileEncoding = 4; lastKnownFileType = sourcecode.c.h; path = PIXYImageViewController.h; sourceTree = "<group>"; };
		37EE32B51CE93B6900B74363 /* PIXYImageViewController.m */ = {isa = PBXFileReference; fileEncoding = 4; lastKnownFileType = sourcecode.c.objc; path = PIXYImageViewController.m; sourceTree = "<group>"; };
		37EE32B61CE93B6900B74363 /* PIXYImageViewController.xib */ = {isa = PBXFileReference; fileEncoding = 4; lastKnownFileType = file.xib; path = PIXYImageViewController.xib; sourceTree = "<group>"; };
		83F6F51A1C1D95B3478DFDE1 /* Pods-pixyTests.debug.xcconfig */ = {isa = PBXFileReference; includeInIndex = 1; lastKnownFileType = text.xcconfig; name = "Pods-pixyTests.debug.xcconfig"; path = "Pods/Target Support Files/Pods-pixyTests/Pods-pixyTests.debug.xcconfig"; sourceTree = "<group>"; };
		AC6770CF9B040908C5DA3E6E /* Pods_pixy.framework */ = {isa = PBXFileReference; explicitFileType = wrapper.framework; includeInIndex = 0; path = Pods_pixy.framework; sourceTree = BUILT_PRODUCTS_DIR; };
		B58A08A50B14D51B0B99B504 /* Pods-pixy.release.xcconfig */ = {isa = PBXFileReference; includeInIndex = 1; lastKnownFileType = text.xcconfig; name = "Pods-pixy.release.xcconfig"; path = "Pods/Target Support Files/Pods-pixy/Pods-pixy.release.xcconfig"; sourceTree = "<group>"; };
		EE89295312D9802005D8E0B5 /* Pods-pixyTests.release.xcconfig */ = {isa = PBXFileReference; includeInIndex = 1; lastKnownFileType = text.xcconfig; name = "Pods-pixyTests.release.xcconfig"; path = "Pods/Target Support Files/Pods-pixyTests/Pods-pixyTests.release.xcconfig"; sourceTree = "<group>"; };
		F986B8A0C58DACE82C14921C /* Pods_pixyTests.framework */ = {isa = PBXFileReference; explicitFileType = wrapper.framework; includeInIndex = 0; path = Pods_pixyTests.framework; sourceTree = BUILT_PRODUCTS_DIR; };
/* End PBXFileReference section */

/* Begin PBXFrameworksBuildPhase section */
		37BAFC411CE7C31800B29D1A /* Frameworks */ = {
			isa = PBXFrameworksBuildPhase;
			buildActionMask = 2147483647;
			files = (
				E60587A5BA44B0E728D8F593 /* Pods_pixy.framework in Frameworks */,
			);
			runOnlyForDeploymentPostprocessing = 0;
		};
		37BAFC5A1CE7C31800B29D1A /* Frameworks */ = {
			isa = PBXFrameworksBuildPhase;
			buildActionMask = 2147483647;
			files = (
				B92241AF4940F1E4648B8B25 /* Pods_pixyTests.framework in Frameworks */,
			);
			runOnlyForDeploymentPostprocessing = 0;
		};
/* End PBXFrameworksBuildPhase section */

/* Begin PBXGroup section */
		1C25F1DD162D7A1410AE100B /* Pods */ = {
			isa = PBXGroup;
			children = (
				1FA30E54157BE542DEDADE99 /* Pods-pixy.debug.xcconfig */,
				B58A08A50B14D51B0B99B504 /* Pods-pixy.release.xcconfig */,
				83F6F51A1C1D95B3478DFDE1 /* Pods-pixyTests.debug.xcconfig */,
				EE89295312D9802005D8E0B5 /* Pods-pixyTests.release.xcconfig */,
			);
			name = Pods;
			sourceTree = "<group>";
		};
		376262181CE7D54A00480373 /* Networking */ = {
			isa = PBXGroup;
			children = (
				376262151CE7D52C00480373 /* PIXYNetworking.h */,
				376262161CE7D52C00480373 /* PIXYNetworking.m */,
			);
			name = Networking;
			sourceTree = "<group>";
		};
		376262191CE7D55500480373 /* Controllers */ = {
			isa = PBXGroup;
			children = (
				37BAFC4D1CE7C31800B29D1A /* PIXYFeedViewController.h */,
				37BAFC4E1CE7C31800B29D1A /* PIXYFeedViewController.m */,
				37EE32A81CE9056600B74363 /* PIXYFeedViewController.xib */,
				37EE32AF1CE90B7600B74363 /* PIXYFeedTableViewCell.h */,
				37EE32B01CE90B7600B74363 /* PIXYFeedTableViewCell.m */,
				37EE32B11CE90B7600B74363 /* PIXYFeedTableViewCell.xib */,
				37EE32B41CE93B6900B74363 /* PIXYImageViewController.h */,
				37EE32B51CE93B6900B74363 /* PIXYImageViewController.m */,
				37EE32B61CE93B6900B74363 /* PIXYImageViewController.xib */,
			);
			name = Controllers;
			sourceTree = "<group>";
		};
		378782691CE7E46100684FFF /* Models */ = {
			isa = PBXGroup;
			children = (
				378782661CE7E3FE00684FFF /* PIXYBaseModel.h */,
				378782671CE7E3FE00684FFF /* PIXYBaseModel.m */,
				3787826A1CE7E48200684FFF /* PIXYPostModel.h */,
				3787826B1CE7E48200684FFF /* PIXYPostModel.m */,
			);
			name = Models;
			sourceTree = "<group>";
		};
		378782701CE8FE1B00684FFF /* Datasources */ = {
			isa = PBXGroup;
			children = (
				3787826D1CE822A400684FFF /* PIXYPostsDatasource.h */,
				3787826E1CE822A400684FFF /* PIXYPostsDatasource.m */,
			);
			name = Datasources;
			sourceTree = "<group>";
		};
		37BAFC3B1CE7C31800B29D1A = {
			isa = PBXGroup;
			children = (
				37BAFC461CE7C31800B29D1A /* pixy */,
				37BAFC601CE7C31800B29D1A /* pixyTests */,
				37BAFC451CE7C31800B29D1A /* Products */,
				1C25F1DD162D7A1410AE100B /* Pods */,
				48A08FA598F0F0D86D6D69C0 /* Frameworks */,
			);
			sourceTree = "<group>";
		};
		37BAFC451CE7C31800B29D1A /* Products */ = {
			isa = PBXGroup;
			children = (
				37BAFC441CE7C31800B29D1A /* pixy.app */,
				37BAFC5D1CE7C31800B29D1A /* pixyTests.xctest */,
			);
			name = Products;
			sourceTree = "<group>";
		};
		37BAFC461CE7C31800B29D1A /* pixy */ = {
			isa = PBXGroup;
			children = (
				37BAFC4A1CE7C31800B29D1A /* AppDelegate.h */,
				37BAFC4B1CE7C31800B29D1A /* AppDelegate.m */,
				376262191CE7D55500480373 /* Controllers */,
				378782701CE8FE1B00684FFF /* Datasources */,
				378782691CE7E46100684FFF /* Models */,
				376262181CE7D54A00480373 /* Networking */,
				37BAFC471CE7C31800B29D1A /* Supporting Files */,
			);
			path = pixy;
			sourceTree = "<group>";
		};
		37BAFC471CE7C31800B29D1A /* Supporting Files */ = {
			isa = PBXGroup;
			children = (
				37BAFC531CE7C31800B29D1A /* Assets.xcassets */,
				37BAFC581CE7C31800B29D1A /* Info.plist */,
				37BAFC481CE7C31800B29D1A /* main.m */,
			);
			name = "Supporting Files";
			sourceTree = "<group>";
		};
		37BAFC601CE7C31800B29D1A /* pixyTests */ = {
			isa = PBXGroup;
			children = (
				37BAFC611CE7C31800B29D1A /* pixyTests.m */,
				37BAFC631CE7C31800B29D1A /* Info.plist */,
			);
			path = pixyTests;
			sourceTree = "<group>";
		};
		48A08FA598F0F0D86D6D69C0 /* Frameworks */ = {
			isa = PBXGroup;
			children = (
				AC6770CF9B040908C5DA3E6E /* Pods_pixy.framework */,
				F986B8A0C58DACE82C14921C /* Pods_pixyTests.framework */,
			);
			name = Frameworks;
			sourceTree = "<group>";
		};
/* End PBXGroup section */

/* Begin PBXNativeTarget section */
		37BAFC431CE7C31800B29D1A /* pixy */ = {
			isa = PBXNativeTarget;
			buildConfigurationList = 37BAFC661CE7C31900B29D1A /* Build configuration list for PBXNativeTarget "pixy" */;
			buildPhases = (
				15379963D73771E692CA12A9 /* 📦 Check Pods Manifest.lock */,
				37BAFC401CE7C31800B29D1A /* Sources */,
				37BAFC411CE7C31800B29D1A /* Frameworks */,
				37BAFC421CE7C31800B29D1A /* Resources */,
				CAC1DAC20371CA08E3723F92 /* 📦 Embed Pods Frameworks */,
				E8E6331C960497A9804B2B73 /* 📦 Copy Pods Resources */,
			);
			buildRules = (
			);
			dependencies = (
			);
			name = pixy;
			productName = pixy;
			productReference = 37BAFC441CE7C31800B29D1A /* pixy.app */;
			productType = "com.apple.product-type.application";
		};
		37BAFC5C1CE7C31800B29D1A /* pixyTests */ = {
			isa = PBXNativeTarget;
			buildConfigurationList = 37BAFC691CE7C31900B29D1A /* Build configuration list for PBXNativeTarget "pixyTests" */;
			buildPhases = (
				E923BB84610080CD4444A7D7 /* 📦 Check Pods Manifest.lock */,
				37BAFC591CE7C31800B29D1A /* Sources */,
				37BAFC5A1CE7C31800B29D1A /* Frameworks */,
				37BAFC5B1CE7C31800B29D1A /* Resources */,
				D4A74EC6B1B804EA3CEA6ECE /* 📦 Embed Pods Frameworks */,
				FB56B0C467A8CCA33B413590 /* 📦 Copy Pods Resources */,
			);
			buildRules = (
			);
			dependencies = (
				37BAFC5F1CE7C31800B29D1A /* PBXTargetDependency */,
			);
			name = pixyTests;
			productName = pixyTests;
			productReference = 37BAFC5D1CE7C31800B29D1A /* pixyTests.xctest */;
			productType = "com.apple.product-type.bundle.unit-test";
		};
/* End PBXNativeTarget section */

/* Begin PBXProject section */
		37BAFC3C1CE7C31800B29D1A /* Project object */ = {
			isa = PBXProject;
			attributes = {
				LastUpgradeCheck = 0730;
				ORGANIZATIONNAME = Appadana;
				TargetAttributes = {
					37BAFC431CE7C31800B29D1A = {
						CreatedOnToolsVersion = 7.3.1;
					};
					37BAFC5C1CE7C31800B29D1A = {
						CreatedOnToolsVersion = 7.3.1;
						TestTargetID = 37BAFC431CE7C31800B29D1A;
					};
				};
			};
			buildConfigurationList = 37BAFC3F1CE7C31800B29D1A /* Build configuration list for PBXProject "pixy" */;
			compatibilityVersion = "Xcode 3.2";
			developmentRegion = English;
			hasScannedForEncodings = 0;
			knownRegions = (
				en,
				Base,
			);
			mainGroup = 37BAFC3B1CE7C31800B29D1A;
			productRefGroup = 37BAFC451CE7C31800B29D1A /* Products */;
			projectDirPath = "";
			projectRoot = "";
			targets = (
				37BAFC431CE7C31800B29D1A /* pixy */,
				37BAFC5C1CE7C31800B29D1A /* pixyTests */,
			);
		};
/* End PBXProject section */

/* Begin PBXResourcesBuildPhase section */
		37BAFC421CE7C31800B29D1A /* Resources */ = {
			isa = PBXResourcesBuildPhase;
			buildActionMask = 2147483647;
			files = (
				37EE32B81CE93B6900B74363 /* PIXYImageViewController.xib in Resources */,
				37EE32B31CE90B7600B74363 /* PIXYFeedTableViewCell.xib in Resources */,
				37EE32A91CE9056600B74363 /* PIXYFeedViewController.xib in Resources */,
				37BAFC541CE7C31800B29D1A /* Assets.xcassets in Resources */,
			);
			runOnlyForDeploymentPostprocessing = 0;
		};
		37BAFC5B1CE7C31800B29D1A /* Resources */ = {
			isa = PBXResourcesBuildPhase;
			buildActionMask = 2147483647;
			files = (
			);
			runOnlyForDeploymentPostprocessing = 0;
		};
/* End PBXResourcesBuildPhase section */

/* Begin PBXShellScriptBuildPhase section */
		15379963D73771E692CA12A9 /* 📦 Check Pods Manifest.lock */ = {
			isa = PBXShellScriptBuildPhase;
			buildActionMask = 2147483647;
			files = (
			);
			inputPaths = (
			);
			name = "📦 Check Pods Manifest.lock";
			outputPaths = (
			);
			runOnlyForDeploymentPostprocessing = 0;
			shellPath = /bin/sh;
			shellScript = "diff \"${PODS_ROOT}/../Podfile.lock\" \"${PODS_ROOT}/Manifest.lock\" > /dev/null\nif [[ $? != 0 ]] ; then\n    cat << EOM\nerror: The sandbox is not in sync with the Podfile.lock. Run 'pod install' or update your CocoaPods installation.\nEOM\n    exit 1\nfi\n";
			showEnvVarsInLog = 0;
		};
		CAC1DAC20371CA08E3723F92 /* 📦 Embed Pods Frameworks */ = {
			isa = PBXShellScriptBuildPhase;
			buildActionMask = 2147483647;
			files = (
			);
			inputPaths = (
			);
			name = "📦 Embed Pods Frameworks";
			outputPaths = (
			);
			runOnlyForDeploymentPostprocessing = 0;
			shellPath = /bin/sh;
			shellScript = "\"${SRCROOT}/Pods/Target Support Files/Pods-pixy/Pods-pixy-frameworks.sh\"\n";
			showEnvVarsInLog = 0;
		};
		D4A74EC6B1B804EA3CEA6ECE /* 📦 Embed Pods Frameworks */ = {
			isa = PBXShellScriptBuildPhase;
			buildActionMask = 2147483647;
			files = (
			);
			inputPaths = (
			);
			name = "📦 Embed Pods Frameworks";
			outputPaths = (
			);
			runOnlyForDeploymentPostprocessing = 0;
			shellPath = /bin/sh;
			shellScript = "\"${SRCROOT}/Pods/Target Support Files/Pods-pixyTests/Pods-pixyTests-frameworks.sh\"\n";
			showEnvVarsInLog = 0;
		};
		E8E6331C960497A9804B2B73 /* 📦 Copy Pods Resources */ = {
			isa = PBXShellScriptBuildPhase;
			buildActionMask = 2147483647;
			files = (
			);
			inputPaths = (
			);
			name = "📦 Copy Pods Resources";
			outputPaths = (
			);
			runOnlyForDeploymentPostprocessing = 0;
			shellPath = /bin/sh;
			shellScript = "\"${SRCROOT}/Pods/Target Support Files/Pods-pixy/Pods-pixy-resources.sh\"\n";
			showEnvVarsInLog = 0;
		};
		E923BB84610080CD4444A7D7 /* 📦 Check Pods Manifest.lock */ = {
			isa = PBXShellScriptBuildPhase;
			buildActionMask = 2147483647;
			files = (
			);
			inputPaths = (
			);
			name = "📦 Check Pods Manifest.lock";
			outputPaths = (
			);
			runOnlyForDeploymentPostprocessing = 0;
			shellPath = /bin/sh;
			shellScript = "diff \"${PODS_ROOT}/../Podfile.lock\" \"${PODS_ROOT}/Manifest.lock\" > /dev/null\nif [[ $? != 0 ]] ; then\n    cat << EOM\nerror: The sandbox is not in sync with the Podfile.lock. Run 'pod install' or update your CocoaPods installation.\nEOM\n    exit 1\nfi\n";
			showEnvVarsInLog = 0;
		};
		FB56B0C467A8CCA33B413590 /* 📦 Copy Pods Resources */ = {
			isa = PBXShellScriptBuildPhase;
			buildActionMask = 2147483647;
			files = (
			);
			inputPaths = (
			);
			name = "📦 Copy Pods Resources";
			outputPaths = (
			);
			runOnlyForDeploymentPostprocessing = 0;
			shellPath = /bin/sh;
			shellScript = "\"${SRCROOT}/Pods/Target Support Files/Pods-pixyTests/Pods-pixyTests-resources.sh\"\n";
			showEnvVarsInLog = 0;
		};
/* End PBXShellScriptBuildPhase section */

/* Begin PBXSourcesBuildPhase section */
		37BAFC401CE7C31800B29D1A /* Sources */ = {
			isa = PBXSourcesBuildPhase;
			buildActionMask = 2147483647;
			files = (
				37EE32B71CE93B6900B74363 /* PIXYImageViewController.m in Sources */,
				37BAFC4F1CE7C31800B29D1A /* PIXYFeedViewController.m in Sources */,
				3787826C1CE7E48200684FFF /* PIXYPostModel.m in Sources */,
				378782681CE7E3FE00684FFF /* PIXYBaseModel.m in Sources */,
				37EE32B21CE90B7600B74363 /* PIXYFeedTableViewCell.m in Sources */,
				376262171CE7D52C00480373 /* PIXYNetworking.m in Sources */,
				37BAFC4C1CE7C31800B29D1A /* AppDelegate.m in Sources */,
				3787826F1CE822A400684FFF /* PIXYPostsDatasource.m in Sources */,
				37BAFC491CE7C31800B29D1A /* main.m in Sources */,
			);
			runOnlyForDeploymentPostprocessing = 0;
		};
		37BAFC591CE7C31800B29D1A /* Sources */ = {
			isa = PBXSourcesBuildPhase;
			buildActionMask = 2147483647;
			files = (
				37BAFC621CE7C31800B29D1A /* pixyTests.m in Sources */,
			);
			runOnlyForDeploymentPostprocessing = 0;
		};
/* End PBXSourcesBuildPhase section */

/* Begin PBXTargetDependency section */
		37BAFC5F1CE7C31800B29D1A /* PBXTargetDependency */ = {
			isa = PBXTargetDependency;
			target = 37BAFC431CE7C31800B29D1A /* pixy */;
			targetProxy = 37BAFC5E1CE7C31800B29D1A /* PBXContainerItemProxy */;
		};
/* End PBXTargetDependency section */

/* Begin XCBuildConfiguration section */
		37BAFC641CE7C31900B29D1A /* Debug */ = {
			isa = XCBuildConfiguration;
			buildSettings = {
				ALWAYS_SEARCH_USER_PATHS = NO;
				CLANG_ANALYZER_NONNULL = YES;
				CLANG_CXX_LANGUAGE_STANDARD = "gnu++0x";
				CLANG_CXX_LIBRARY = "libc++";
				CLANG_ENABLE_MODULES = YES;
				CLANG_ENABLE_OBJC_ARC = YES;
				CLANG_WARN_BOOL_CONVERSION = YES;
				CLANG_WARN_CONSTANT_CONVERSION = YES;
				CLANG_WARN_DIRECT_OBJC_ISA_USAGE = YES_ERROR;
				CLANG_WARN_EMPTY_BODY = YES;
				CLANG_WARN_ENUM_CONVERSION = YES;
				CLANG_WARN_INT_CONVERSION = YES;
				CLANG_WARN_OBJC_ROOT_CLASS = YES_ERROR;
				CLANG_WARN_UNREACHABLE_CODE = YES;
				CLANG_WARN__DUPLICATE_METHOD_MATCH = YES;
				"CODE_SIGN_IDENTITY[sdk=iphoneos*]" = "iPhone Developer";
				COPY_PHASE_STRIP = NO;
				DEBUG_INFORMATION_FORMAT = dwarf;
				ENABLE_STRICT_OBJC_MSGSEND = YES;
				ENABLE_TESTABILITY = YES;
				GCC_C_LANGUAGE_STANDARD = gnu99;
				GCC_DYNAMIC_NO_PIC = NO;
				GCC_NO_COMMON_BLOCKS = YES;
				GCC_OPTIMIZATION_LEVEL = 0;
				GCC_PREPROCESSOR_DEFINITIONS = (
					"DEBUG=1",
					"$(inherited)",
				);
				GCC_WARN_64_TO_32_BIT_CONVERSION = YES;
				GCC_WARN_ABOUT_RETURN_TYPE = YES_ERROR;
				GCC_WARN_UNDECLARED_SELECTOR = YES;
				GCC_WARN_UNINITIALIZED_AUTOS = YES_AGGRESSIVE;
				GCC_WARN_UNUSED_FUNCTION = YES;
				GCC_WARN_UNUSED_VARIABLE = YES;
				IPHONEOS_DEPLOYMENT_TARGET = 8.0;
				MTL_ENABLE_DEBUG_INFO = YES;
				ONLY_ACTIVE_ARCH = YES;
				SDKROOT = iphoneos;
			};
			name = Debug;
		};
		37BAFC651CE7C31900B29D1A /* Release */ = {
			isa = XCBuildConfiguration;
			buildSettings = {
				ALWAYS_SEARCH_USER_PATHS = NO;
				CLANG_ANALYZER_NONNULL = YES;
				CLANG_CXX_LANGUAGE_STANDARD = "gnu++0x";
				CLANG_CXX_LIBRARY = "libc++";
				CLANG_ENABLE_MODULES = YES;
				CLANG_ENABLE_OBJC_ARC = YES;
				CLANG_WARN_BOOL_CONVERSION = YES;
				CLANG_WARN_CONSTANT_CONVERSION = YES;
				CLANG_WARN_DIRECT_OBJC_ISA_USAGE = YES_ERROR;
				CLANG_WARN_EMPTY_BODY = YES;
				CLANG_WARN_ENUM_CONVERSION = YES;
				CLANG_WARN_INT_CONVERSION = YES;
				CLANG_WARN_OBJC_ROOT_CLASS = YES_ERROR;
				CLANG_WARN_UNREACHABLE_CODE = YES;
				CLANG_WARN__DUPLICATE_METHOD_MATCH = YES;
				"CODE_SIGN_IDENTITY[sdk=iphoneos*]" = "iPhone Developer";
				COPY_PHASE_STRIP = NO;
				DEBUG_INFORMATION_FORMAT = "dwarf-with-dsym";
				ENABLE_NS_ASSERTIONS = NO;
				ENABLE_STRICT_OBJC_MSGSEND = YES;
				GCC_C_LANGUAGE_STANDARD = gnu99;
				GCC_NO_COMMON_BLOCKS = YES;
				GCC_WARN_64_TO_32_BIT_CONVERSION = YES;
				GCC_WARN_ABOUT_RETURN_TYPE = YES_ERROR;
				GCC_WARN_UNDECLARED_SELECTOR = YES;
				GCC_WARN_UNINITIALIZED_AUTOS = YES_AGGRESSIVE;
				GCC_WARN_UNUSED_FUNCTION = YES;
				GCC_WARN_UNUSED_VARIABLE = YES;
				IPHONEOS_DEPLOYMENT_TARGET = 8.0;
				MTL_ENABLE_DEBUG_INFO = NO;
				SDKROOT = iphoneos;
				VALIDATE_PRODUCT = YES;
			};
			name = Release;
		};
		37BAFC671CE7C31900B29D1A /* Debug */ = {
			isa = XCBuildConfiguration;
			baseConfigurationReference = 1FA30E54157BE542DEDADE99 /* Pods-pixy.debug.xcconfig */;
			buildSettings = {
				ALWAYS_SEARCH_USER_PATHS = NO;
				ASSETCATALOG_COMPILER_APPICON_NAME = AppIcon;
				ASSETCATALOG_COMPILER_LAUNCHIMAGE_NAME = "Brand Assets";
				INFOPLIST_FILE = pixy/Info.plist;
				LD_RUNPATH_SEARCH_PATHS = "$(inherited) @executable_path/Frameworks";
				PRODUCT_BUNDLE_IDENTIFIER = com.appadana.pixy;
				PRODUCT_NAME = "$(TARGET_NAME)";
			};
			name = Debug;
		};
		37BAFC681CE7C31900B29D1A /* Release */ = {
			isa = XCBuildConfiguration;
			baseConfigurationReference = B58A08A50B14D51B0B99B504 /* Pods-pixy.release.xcconfig */;
			buildSettings = {
				ALWAYS_SEARCH_USER_PATHS = NO;
				ASSETCATALOG_COMPILER_APPICON_NAME = AppIcon;
				ASSETCATALOG_COMPILER_LAUNCHIMAGE_NAME = "Brand Assets";
				INFOPLIST_FILE = pixy/Info.plist;
				LD_RUNPATH_SEARCH_PATHS = "$(inherited) @executable_path/Frameworks";
				PRODUCT_BUNDLE_IDENTIFIER = com.appadana.pixy;
				PRODUCT_NAME = "$(TARGET_NAME)";
			};
			name = Release;
		};
		37BAFC6A1CE7C31900B29D1A /* Debug */ = {
			isa = XCBuildConfiguration;
			baseConfigurationReference = 83F6F51A1C1D95B3478DFDE1 /* Pods-pixyTests.debug.xcconfig */;
			buildSettings = {
				BUNDLE_LOADER = "$(TEST_HOST)";
				INFOPLIST_FILE = pixyTests/Info.plist;
				LD_RUNPATH_SEARCH_PATHS = "$(inherited) @executable_path/Frameworks @loader_path/Frameworks";
				PRODUCT_BUNDLE_IDENTIFIER = com.appadana.pixyTests;
				PRODUCT_NAME = "$(TARGET_NAME)";
				TEST_HOST = "$(BUILT_PRODUCTS_DIR)/pixy.app/pixy";
			};
			name = Debug;
		};
		37BAFC6B1CE7C31900B29D1A /* Release */ = {
			isa = XCBuildConfiguration;
			baseConfigurationReference = EE89295312D9802005D8E0B5 /* Pods-pixyTests.release.xcconfig */;
			buildSettings = {
				BUNDLE_LOADER = "$(TEST_HOST)";
				INFOPLIST_FILE = pixyTests/Info.plist;
				LD_RUNPATH_SEARCH_PATHS = "$(inherited) @executable_path/Frameworks @loader_path/Frameworks";
				PRODUCT_BUNDLE_IDENTIFIER = com.appadana.pixyTests;
				PRODUCT_NAME = "$(TARGET_NAME)";
				TEST_HOST = "$(BUILT_PRODUCTS_DIR)/pixy.app/pixy";
			};
			name = Release;
		};
/* End XCBuildConfiguration section */

/* Begin XCConfigurationList section */
		37BAFC3F1CE7C31800B29D1A /* Build configuration list for PBXProject "pixy" */ = {
			isa = XCConfigurationList;
			buildConfigurations = (
				37BAFC641CE7C31900B29D1A /* Debug */,
				37BAFC651CE7C31900B29D1A /* Release */,
			);
			defaultConfigurationIsVisible = 0;
			defaultConfigurationName = Release;
		};
		37BAFC661CE7C31900B29D1A /* Build configuration list for PBXNativeTarget "pixy" */ = {
			isa = XCConfigurationList;
			buildConfigurations = (
				37BAFC671CE7C31900B29D1A /* Debug */,
				37BAFC681CE7C31900B29D1A /* Release */,
			);
			defaultConfigurationIsVisible = 0;
			defaultConfigurationName = Release;
		};
		37BAFC691CE7C31900B29D1A /* Build configuration list for PBXNativeTarget "pixyTests" */ = {
			isa = XCConfigurationList;
			buildConfigurations = (
				37BAFC6A1CE7C31900B29D1A /* Debug */,
				37BAFC6B1CE7C31900B29D1A /* Release */,
			);
			defaultConfigurationIsVisible = 0;
			defaultConfigurationName = Release;
		};
/* End XCConfigurationList section */
	};
	rootObject = 37BAFC3C1CE7C31800B29D1A /* Project object */;
}
